
Microsoft Visual Studio Solution File, Format Version 12.00
# Visual Studio Version 18
VisualStudioVersion = 18.9.12120.119 stable
MinimumVisualStudioVersion = 10.0.40219.1
Project("{2150E333-8FDC-42A3-9474-1A3956D46DE8}") = "src", "src", "{827E0CD3-B72D-47B6-A68D-7590B98EB39B}"
EndProject
Project("{FAE04EC0-301F-11D3-BF4B-00C04F79EFBC}") = "Inventory.Domain", "src\Inventory.Domain\Inventory.Domain.csproj", "{A3F99942-D78B-498F-8775-CD286C779165}"
EndProject
Project("{FAE04EC0-301F-11D3-BF4B-00C04F79EFBC}") = "Inventory.Application", "src\Inventory.Application\Inventory.Application.csproj", "{37D7BFEC-63ED-4F28-965A-D64FE3D56703}"
EndProject
Project("{FAE04EC0-301F-11D3-BF4B-00C04F79EFBC}") = "Inventory.Infrastructure", "src\Inventory.Infrastructure\Inventory.Infrastructure.csproj", "{3B8E176A-132B-43FE-99AF-9EEA8862EE66}"
EndProject
Project("{FAE04EC0-301F-11D3-BF4B-00C04F79EFBC}") = "Inventory.Api", "src\Inventory.Api\Inventory.Api.csproj", "{D4CB6371-0952-47FF-9402-247C99577793}"
EndProject
Project("{2150E333-8FDC-42A3-9474-1A3956D46DE8}") = "tests", "tests", "{0AB3BF05-4346-4AA6-1389-037BE0695223}"
EndProject
Project("{FAE04EC0-301F-11D3-BF4B-00C04F79EFBC}") = "Inventory.UnitTests", "tests\Inventory.UnitTests\Inventory.UnitTests.csproj", "{F5BBBA3E-51C5-478A-88A7-8A83474C5048}"
EndProject
Project("{FAE04EC0-301F-11D3-BF4B-00C04F79EFBC}") = "Inventory.IntegrationTests", "tests\Inventory.IntegrationTests\Inventory.IntegrationTests.csproj", "{BDD69067-8CDE-407A-9786-2733E468F139}"
EndProject
Project("{FAE04EC0-301F-11D3-BF4B-00C04F79EFBC}") = "Inventory.BDDTests", "tests\Inventory.BDDTests\Inventory.BDDTests.csproj", "{5E01CB7A-9599-4075-A1F7-42623728AC0F}"
EndProject
Global
	GlobalSection(SolutionConfigurationPlatforms) = preSolution
		Debug|Any CPU = Debug|Any CPU
		Debug|x64 = Debug|x64
		Debug|x86 = Debug|x86
		Release|Any CPU = Release|Any CPU
		Release|x64 = Release|x64
		Release|x86 = Release|x86
	EndGlobalSection
	GlobalSection(ProjectConfigurationPlatforms) = postSolution
		{A3F99942-D78B-498F-8775-CD286C779165}.Debug|Any CPU.ActiveCfg = Debug|Any CPU
		{A3F99942-D78B-498F-8775-CD286C779165}.Debug|Any CPU.Build.0 = Debug|Any CPU
		{A3F99942-D78B-498F-8775-CD286C779165}.Debug|x64.ActiveCfg = Debug|Any CPU
		{A3F99942-D78B-498F-8775-CD286C779165}.Debug|x64.Build.0 = Debug|Any CPU
		{A3F99942-D78B-498F-8775-CD286C779165}.Debug|x86.ActiveCfg = Debug|Any CPU
		{A3F99942-D78B-498F-8775-CD286C779165}.Debug|x86.Build.0 = Debug|Any CPU
		{A3F99942-D78B-498F-8775-CD286C779165}.Release|Any CPU.ActiveCfg = Release|Any CPU
		{A3F99942-D78B-498F-8775-CD286C779165}.Release|Any CPU.Build.0 = Release|Any CPU
		{A3F99942-D78B-498F-8775-CD286C779165}.Release|x64.ActiveCfg = Release|Any CPU
		{A3F99942-D78B-498F-8775-CD286C779165}.Release|x64.Build.0 = Release|Any CPU
		{A3F99942-D78B-498F-8775-CD286C779165}.Release|x86.ActiveCfg = Release|Any CPU
		{A3F99942-D78B-498F-8775-CD286C779165}.Release|x86.Build.0 = Release|Any CPU
		{37D7BFEC-63ED-4F28-965A-D64FE3D56703}.Debug|Any CPU.ActiveCfg = Debug|Any CPU
		{37D7BFEC-63ED-4F28-965A-D64FE3D56703}.Debug|Any CPU.Build.0 = Debug|Any CPU
		{37D7BFEC-63ED-4F28-965A-D64FE3D56703}.Debug|x64.ActiveCfg = Debug|Any CPU
		{37D7BFEC-63ED-4F28-965A-D64FE3D56703}.Debug|x64.Build.0 = Debug|Any CPU
		{37D7BFEC-63ED-4F28-965A-D64FE3D56703}.Debug|x86.ActiveCfg = Debug|Any CPU
		{37D7BFEC-63ED-4F28-965A-D64FE3D56703}.Debug|x86.Build.0 = Debug|Any CPU
		{37D7BFEC-63ED-4F28-965A-D64FE3D56703}.Release|Any CPU.ActiveCfg = Release|Any CPU
		{37D7BFEC-63ED-4F28-965A-D64FE3D56703}.Release|Any CPU.Build.0 = Release|Any CPU
		{37D7BFEC-63ED-4F28-965A-D64FE3D56703}.Release|x64.ActiveCfg = Release|Any CPU
		{37D7BFEC-63ED-4F28-965A-D64FE3D56703}.Release|x64.Build.0 = Release|Any CPU
		{37D7BFEC-63ED-4F28-965A-D64FE3D56703}.Release|x86.ActiveCfg = Release|Any CPU
		{37D7BFEC-63ED-4F28-965A-D64FE3D56703}.Release|x86.Build.0 = Release|Any CPU
		{3B8E176A-132B-43FE-99AF-9EEA8862EE66}.Debug|Any CPU.ActiveCfg = Debug|Any CPU
		{3B8E176A-132B-43FE-99AF-9EEA8862EE66}.Debug|Any CPU.Build.0 = Debug|Any CPU
		{3B8E176A-132B-43FE-99AF-9EEA8862EE66}.Debug|x64.ActiveCfg = Debug|Any CPU
		{3B8E176A-132B-43FE-99AF-9EEA8862EE66}.Debug|x64.Build.0 = Debug|Any CPU
		{3B8E176A-132B-43FE-99AF-9EEA8862EE66}.Debug|x86.ActiveCfg = Debug|Any CPU
		{3B8E176A-132B-43FE-99AF-9EEA8862EE66}.Debug|x86.Build.0 = Debug|Any CPU
		{3B8E176A-132B-43FE-99AF-9EEA8862EE66}.Release|Any CPU.ActiveCfg = Release|Any CPU
		{3B8E176A-132B-43FE-99AF-9EEA8862EE66}.Release|Any CPU.Build.0 = Release|Any CPU
		{3B8E176A-132B-43FE-99AF-9EEA8862EE66}.Release|x64.ActiveCfg = Release|Any CPU
		{3B8E176A-132B-43FE-99AF-9EEA8862EE66}.Release|x64.Build.0 = Release|Any CPU
		{3B8E176A-132B-43FE-99AF-9EEA8862EE66}.Release|x86.ActiveCfg = Release|Any CPU
		{3B8E176A-132B-43FE-99AF-9EEA8862EE66}.Release|x86.Build.0 = Release|Any CPU
		{D4CB6371-0952-47FF-9402-247C99577793}.Debug|Any CPU.ActiveCfg = Debug|Any CPU
		{D4CB6371-0952-47FF-9402-247C99577793}.Debug|Any CPU.Build.0 = Debug|Any CPU
		{D4CB6371-0952-47FF-9402-247C99577793}.Debug|x64.ActiveCfg = Debug|Any CPU
		{D4CB6371-0952-47FF-9402-247C99577793}.Debug|x64.Build.0 = Debug|Any CPU
		{D4CB6371-0952-47FF-9402-247C99577793}.Debug|x86.ActiveCfg = Debug|Any CPU
		{D4CB6371-0952-47FF-9402-247C99577793}.Debug|x86.Build.0 = Debug|Any CPU
		{D4CB6371-0952-47FF-9402-247C99577793}.Release|Any CPU.ActiveCfg = Release|Any CPU
		{D4CB6371-0952-47FF-9402-247C99577793}.Release|Any CPU.Build.0 = Release|Any CPU
		{D4CB6371-0952-47FF-9402-247C99577793}.Release|x64.ActiveCfg = Release|Any CPU
		{D4CB6371-0952-47FF-9402-247C99577793}.Release|x64.Build.0 = Release|Any CPU
		{D4CB6371-0952-47FF-9402-247C99577793}.Release|x86.ActiveCfg = Release|Any CPU
		{D4CB6371-0952-47FF-9402-247C99577793}.Release|x86.Build.0 = Release|Any CPU
		{F5BBBA3E-51C5-478A-88A7-8A83474C5048}.Debug|Any CPU.ActiveCfg = Debug|Any CPU
		{F5BBBA3E-51C5-478A-88A7-8A83474C5048}.Debug|Any CPU.Build.0 = Debug|Any CPU
		{F5BBBA3E-51C5-478A-88A7-8A83474C5048}.Debug|x64.ActiveCfg = Debug|Any CPU
		{F5BBBA3E-51C5-478A-88A7-8A83474C5048}.Debug|x64.Build.0 = Debug|Any CPU
		{F5BBBA3E-51C5-478A-88A7-8A83474C5048}.Debug|x86.ActiveCfg = Debug|Any CPU
		{F5BBBA3E-51C5-478A-88A7-8A83474C5048}.Debug|x86.Build.0 = Debug|Any CPU
		{F5BBBA3E-51C5-478A-88A7-8A83474C5048}.Release|Any CPU.ActiveCfg = Release|Any CPU
		{F5BBBA3E-51C5-478A-88A7-8A83474C5048}.Release|Any CPU.Build.0 = Release|Any CPU
		{F5BBBA3E-51C5-478A-88A7-8A83474C5048}.Release|x64.ActiveCfg = Release|Any CPU
		{F5BBBA3E-51C5-478A-88A7-8A83474C5048}.Release|x64.Build.0 = Release|Any CPU
		{F5BBBA3E-51C5-478A-88A7-8A83474C5048}.Release|x86.ActiveCfg = Release|Any CPU
		{F5BBBA3E-51C5-478A-88A7-8A83474C5048}.Release|x86.Build.0 = Release|Any CPU
		{BDD69067-8CDE-407A-9786-2733E468F139}.Debug|Any CPU.ActiveCfg = Debug|Any CPU
		{BDD69067-8CDE-407A-9786-2733E468F139}.Debug|Any CPU.Build.0 = Debug|Any CPU
		{BDD69067-8CDE-407A-9786-2733E468F139}.Debug|x64.ActiveCfg = Debug|Any CPU
		{BDD69067-8CDE-407A-9786-2733E468F139}.Debug|x64.Build.0 = Debug|Any CPU
		{BDD69067-8CDE-407A-9786-2733E468F139}.Debug|x86.ActiveCfg = Debug|Any CPU
		{BDD69067-8CDE-407A-9786-2733E468F139}.Debug|x86.Build.0 = Debug|Any CPU
		{BDD69067-8CDE-407A-9786-2733E468F139}.Release|Any CPU.ActiveCfg = Release|Any CPU
		{BDD69067-8CDE-407A-9786-2733E468F139}.Release|Any CPU.Build.0 = Release|Any CPU
		{BDD69067-8CDE-407A-9786-2733E468F139}.Release|x64.ActiveCfg = Release|Any CPU
		{BDD69067-8CDE-407A-9786-2733E468F139}.Release|x64.Build.0 = Release|Any CPU
		{BDD69067-8CDE-407A-9786-2733E468F139}.Release|x86.ActiveCfg = Release|Any CPU
		{BDD69067-8CDE-407A-9786-2733E468F139}.Release|x86.Build.0 = Release|Any CPU
		{5E01CB7A-9599-4075-A1F7-42623728AC0F}.Debug|Any CPU.ActiveCfg = Debug|Any CPU
		{5E01CB7A-9599-4075-A1F7-42623728AC0F}.Debug|Any CPU.Build.0 = Debug|Any CPU
		{5E01CB7A-9599-4075-A1F7-42623728AC0F}.Debug|x64.ActiveCfg = Debug|Any CPU
		{5E01CB7A-9599-4075-A1F7-42623728AC0F}.Debug|x64.Build.0 = Debug|Any CPU
		{5E01CB7A-9599-4075-A1F7-42623728AC0F}.Debug|x86.ActiveCfg = Debug|Any CPU
		{5E01CB7A-9599-4075-A1F7-42623728AC0F}.Debug|x86.Build.0 = Debug|Any CPU
		{5E01CB7A-9599-4075-A1F7-42623728AC0F}.Release|Any CPU.ActiveCfg = Release|Any CPU
		{5E01CB7A-9599-4075-A1F7-42623728AC0F}.Release|Any CPU.Build.0 = Release|Any CPU
		{5E01CB7A-9599-4075-A1F7-42623728AC0F}.Release|x64.ActiveCfg = Release|Any CPU
		{5E01CB7A-9599-4075-A1F7-42623728AC0F}.Release|x64.Build.0 = Release|Any CPU
		{5E01CB7A-9599-4075-A1F7-42623728AC0F}.Release|x86.ActiveCfg = Release|Any CPU
		{5E01CB7A-9599-4075-A1F7-42623728AC0F}.Release|x86.Build.0 = Release|Any CPU
	EndGlobalSection
	GlobalSection(SolutionProperties) = preSolution
		HideSolutionNode = FALSE
	EndGlobalSection
	GlobalSection(NestedProjects) = preSolution
		{A3F99942-D78B-498F-8775-CD286C779165} = {827E0CD3-B72D-47B6-A68D-7590B98EB39B}
		{37D7BFEC-63ED-4F28-965A-D64FE3D56703} = {827E0CD3-B72D-47B6-A68D-7590B98EB39B}
		{3B8E176A-132B-43FE-99AF-9EEA8862EE66} = {827E0CD3-B72D-47B6-A68D-7590B98EB39B}
		{D4CB6371-0952-47FF-9402-247C99577793} = {827E0CD3-B72D-47B6-A68D-7590B98EB39B}
		{F5BBBA3E-51C5-478A-88A7-8A83474C5048} = {0AB3BF05-4346-4AA6-1389-037BE0695223}
		{BDD69067-8CDE-407A-9786-2733E468F139} = {0AB3BF05-4346-4AA6-1389-037BE0695223}
		{5E01CB7A-9599-4075-A1F7-42623728AC0F} = {0AB3BF05-4346-4AA6-1389-037BE0695223}
	EndGlobalSection
EndGlobal
